
Microsoft Visual Studio Solution File, Format Version 12.00
# Visual Studio 2013
VisualStudioVersion = 12.0.30501.0
MinimumVisualStudioVersion = 10.0.40219.1
Project("{FAE04EC0-301F-11D3-BF4B-00C04F79EFBC}") = "MyGame", "MyGame\MyGame.csproj", "{7296E4B4-22B5-44FD-8897-741604CE2963}"
EndProject
Project("{FAE04EC0-301F-11D3-BF4B-00C04F79EFBC}") = "common", "common\common.csproj", "{94E161E5-55AA-4E73-A3B9-10761D1D1BB4}"
EndProject
Global
	GlobalSection(SolutionConfigurationPlatforms) = preSolution
		Debug|Any CPU = Debug|Any CPU
		Release|Any CPU = Release|Any CPU
	EndGlobalSection
	GlobalSection(ProjectConfigurationPlatforms) = postSolution
		{7296E4B4-22B5-44FD-8897-741604CE2963}.Debug|Any CPU.ActiveCfg = Debug|Any CPU
		{7296E4B4-22B5-44FD-8897-741604CE2963}.Debug|Any CPU.Build.0 = Debug|Any CPU
		{7296E4B4-22B5-44FD-8897-741604CE2963}.Release|Any CPU.ActiveCfg = Release|Any CPU
		{7296E4B4-22B5-44FD-8897-741604CE2963}.Release|Any CPU.Build.0 = Release|Any CPU
		{94E161E5-55AA-4E73-A3B9-10761D1D1BB4}.Debug|Any CPU.ActiveCfg = Debug|Any CPU
		{94E161E5-55AA-4E73-A3B9-10761D1D1BB4}.Debug|Any CPU.Build.0 = Debug|Any CPU
		{94E161E5-55AA-4E73-A3B9-10761D1D1BB4}.Release|Any CPU.ActiveCfg = Release|Any CPU
		{94E161E5-55AA-4E73-A3B9-10761D1D1BB4}.Release|Any CPU.Build.0 = Release|Any CPU
	EndGlobalSection
	GlobalSection(SolutionProperties) = preSolution
		HideSolutionNode = FALSE
	EndGlobalSection
EndGlobal
